
Microsoft Visual Studio Solution File, Format Version 12.00
# Visual Studio Version 17
VisualStudioVersion = 17.10.35004.147
MinimumVisualStudioVersion = 10.0.40219.1
Project("{FAE04EC0-301F-11D3-BF4B-00C04F79EFBC}") = "UpNetLedTestTool", "UpNetLedTestTool.csproj", "{287036D3-2A90-4E30-9705-8C5E651BD0C4}"
EndProject
Global
	GlobalSection(SolutionConfigurationPlatforms) = preSolution
		Debug|Any CPU = Debug|Any CPU
		Debug|x64 = Debug|x64
		Release|Any CPU = Release|Any CPU
		Release|x64 = Release|x64
	EndGlobalSection
	GlobalSection(ProjectConfigurationPlatforms) = postSolution
		{287036D3-2A90-4E30-9705-8C5E651BD0C4}.Debug|Any CPU.ActiveCfg = Debug|Any CPU
		{287036D3-2A90-4E30-9705-8C5E651BD0C4}.Debug|Any CPU.Build.0 = Debug|Any CPU
		{287036D3-2A90-4E30-9705-8C5E651BD0C4}.Debug|x64.ActiveCfg = Debug|x64
		{287036D3-2A90-4E30-9705-8C5E651BD0C4}.Debug|x64.Build.0 = Debug|x64
		{287036D3-2A90-4E30-9705-8C5E651BD0C4}.Release|Any CPU.ActiveCfg = Release|Any CPU
		{287036D3-2A90-4E30-9705-8C5E651BD0C4}.Release|Any CPU.Build.0 = Release|Any CPU
		{287036D3-2A90-4E30-9705-8C5E651BD0C4}.Release|x64.ActiveCfg = Release|x64
		{287036D3-2A90-4E30-9705-8C5E651BD0C4}.Release|x64.Build.0 = Release|x64
	EndGlobalSection
	GlobalSection(SolutionProperties) = preSolution
		HideSolutionNode = FALSE
	EndGlobalSection
	GlobalSection(ExtensibilityGlobals) = postSolution
		SolutionGuid = {8F4287E1-7776-43A6-A72E-5F2BBBA7887B}
	EndGlobalSection
EndGlobal
