
Microsoft Visual Studio Solution File, Format Version 12.00
# Visual Studio Version 17
VisualStudioVersion = 17.10.35004.147
MinimumVisualStudioVersion = 10.0.40219.1
Project("{FAE04EC0-301F-11D3-BF4B-00C04F79EFBC}") = "UpSpiCan", "UpSpiCan.csproj", "{8F2B5ABC-D089-4D55-8D06-72B3C6ED832E}"
EndProject
Project("{FAE04EC0-301F-11D3-BF4B-00C04F79EFBC}") = "MCP2515", "MCP2515\MCP2515.csproj", "{0A2EE624-21E6-4765-B9ED-24B7E3FB3AF9}"
EndProject
Global
	GlobalSection(SolutionConfigurationPlatforms) = preSolution
		Debug|Any CPU = Debug|Any CPU
		Debug|ARM = Debug|ARM
		Debug|ARM64 = Debug|ARM64
		Debug|x64 = Debug|x64
		Debug|x86 = Debug|x86
		Release|Any CPU = Release|Any CPU
		Release|ARM = Release|ARM
		Release|ARM64 = Release|ARM64
		Release|x64 = Release|x64
		Release|x86 = Release|x86
		x64|Any CPU = x64|Any CPU
		x64|ARM = x64|ARM
		x64|ARM64 = x64|ARM64
		x64|x64 = x64|x64
		x64|x86 = x64|x86
	EndGlobalSection
	GlobalSection(ProjectConfigurationPlatforms) = postSolution
		{8F2B5ABC-D089-4D55-8D06-72B3C6ED832E}.Debug|Any CPU.ActiveCfg = Debug|x64
		{8F2B5ABC-D089-4D55-8D06-72B3C6ED832E}.Debug|Any CPU.Build.0 = Debug|x64
		{8F2B5ABC-D089-4D55-8D06-72B3C6ED832E}.Debug|Any CPU.Deploy.0 = Debug|x64
		{8F2B5ABC-D089-4D55-8D06-72B3C6ED832E}.Debug|ARM.ActiveCfg = Debug|ARM
		{8F2B5ABC-D089-4D55-8D06-72B3C6ED832E}.Debug|ARM.Build.0 = Debug|ARM
		{8F2B5ABC-D089-4D55-8D06-72B3C6ED832E}.Debug|ARM.Deploy.0 = Debug|ARM
		{8F2B5ABC-D089-4D55-8D06-72B3C6ED832E}.Debug|ARM64.ActiveCfg = Debug|x64
		{8F2B5ABC-D089-4D55-8D06-72B3C6ED832E}.Debug|ARM64.Build.0 = Debug|x64
		{8F2B5ABC-D089-4D55-8D06-72B3C6ED832E}.Debug|ARM64.Deploy.0 = Debug|x64
		{8F2B5ABC-D089-4D55-8D06-72B3C6ED832E}.Debug|x64.ActiveCfg = Debug|x64
		{8F2B5ABC-D089-4D55-8D06-72B3C6ED832E}.Debug|x64.Build.0 = Debug|x64
		{8F2B5ABC-D089-4D55-8D06-72B3C6ED832E}.Debug|x64.Deploy.0 = Debug|x64
		{8F2B5ABC-D089-4D55-8D06-72B3C6ED832E}.Debug|x86.ActiveCfg = Debug|x86
		{8F2B5ABC-D089-4D55-8D06-72B3C6ED832E}.Debug|x86.Build.0 = Debug|x86
		{8F2B5ABC-D089-4D55-8D06-72B3C6ED832E}.Debug|x86.Deploy.0 = Debug|x86
		{8F2B5ABC-D089-4D55-8D06-72B3C6ED832E}.Release|Any CPU.ActiveCfg = Release|x64
		{8F2B5ABC-D089-4D55-8D06-72B3C6ED832E}.Release|Any CPU.Build.0 = Release|x64
		{8F2B5ABC-D089-4D55-8D06-72B3C6ED832E}.Release|Any CPU.Deploy.0 = Release|x64
		{8F2B5ABC-D089-4D55-8D06-72B3C6ED832E}.Release|ARM.ActiveCfg = Release|ARM
		{8F2B5ABC-D089-4D55-8D06-72B3C6ED832E}.Release|ARM.Build.0 = Release|ARM
		{8F2B5ABC-D089-4D55-8D06-72B3C6ED832E}.Release|ARM.Deploy.0 = Release|ARM
		{8F2B5ABC-D089-4D55-8D06-72B3C6ED832E}.Release|ARM64.ActiveCfg = Release|x64
		{8F2B5ABC-D089-4D55-8D06-72B3C6ED832E}.Release|ARM64.Build.0 = Release|x64
		{8F2B5ABC-D089-4D55-8D06-72B3C6ED832E}.Release|ARM64.Deploy.0 = Release|x64
		{8F2B5ABC-D089-4D55-8D06-72B3C6ED832E}.Release|x64.ActiveCfg = Release|x64
		{8F2B5ABC-D089-4D55-8D06-72B3C6ED832E}.Release|x64.Build.0 = Release|x64
		{8F2B5ABC-D089-4D55-8D06-72B3C6ED832E}.Release|x64.Deploy.0 = Release|x64
		{8F2B5ABC-D089-4D55-8D06-72B3C6ED832E}.Release|x86.ActiveCfg = Release|x86
		{8F2B5ABC-D089-4D55-8D06-72B3C6ED832E}.Release|x86.Build.0 = Release|x86
		{8F2B5ABC-D089-4D55-8D06-72B3C6ED832E}.Release|x86.Deploy.0 = Release|x86
		{8F2B5ABC-D089-4D55-8D06-72B3C6ED832E}.x64|Any CPU.ActiveCfg = Release|x64
		{8F2B5ABC-D089-4D55-8D06-72B3C6ED832E}.x64|Any CPU.Build.0 = Release|x64
		{8F2B5ABC-D089-4D55-8D06-72B3C6ED832E}.x64|Any CPU.Deploy.0 = Release|x64
		{8F2B5ABC-D089-4D55-8D06-72B3C6ED832E}.x64|ARM.ActiveCfg = Release|ARM
		{8F2B5ABC-D089-4D55-8D06-72B3C6ED832E}.x64|ARM.Build.0 = Release|ARM
		{8F2B5ABC-D089-4D55-8D06-72B3C6ED832E}.x64|ARM.Deploy.0 = Release|ARM
		{8F2B5ABC-D089-4D55-8D06-72B3C6ED832E}.x64|ARM64.ActiveCfg = Release|x64
		{8F2B5ABC-D089-4D55-8D06-72B3C6ED832E}.x64|ARM64.Build.0 = Release|x64
		{8F2B5ABC-D089-4D55-8D06-72B3C6ED832E}.x64|ARM64.Deploy.0 = Release|x64
		{8F2B5ABC-D089-4D55-8D06-72B3C6ED832E}.x64|x64.ActiveCfg = Release|x64
		{8F2B5ABC-D089-4D55-8D06-72B3C6ED832E}.x64|x64.Build.0 = Release|x64
		{8F2B5ABC-D089-4D55-8D06-72B3C6ED832E}.x64|x64.Deploy.0 = Release|x64
		{8F2B5ABC-D089-4D55-8D06-72B3C6ED832E}.x64|x86.ActiveCfg = Release|x86
		{8F2B5ABC-D089-4D55-8D06-72B3C6ED832E}.x64|x86.Build.0 = Release|x86
		{8F2B5ABC-D089-4D55-8D06-72B3C6ED832E}.x64|x86.Deploy.0 = Release|x86
		{0A2EE624-21E6-4765-B9ED-24B7E3FB3AF9}.Debug|Any CPU.ActiveCfg = Debug|Any CPU
		{0A2EE624-21E6-4765-B9ED-24B7E3FB3AF9}.Debug|Any CPU.Build.0 = Debug|Any CPU
		{0A2EE624-21E6-4765-B9ED-24B7E3FB3AF9}.Debug|ARM.ActiveCfg = Debug|ARM
		{0A2EE624-21E6-4765-B9ED-24B7E3FB3AF9}.Debug|ARM.Build.0 = Debug|ARM
		{0A2EE624-21E6-4765-B9ED-24B7E3FB3AF9}.Debug|ARM64.ActiveCfg = Debug|ARM64
		{0A2EE624-21E6-4765-B9ED-24B7E3FB3AF9}.Debug|ARM64.Build.0 = Debug|ARM64
		{0A2EE624-21E6-4765-B9ED-24B7E3FB3AF9}.Debug|x64.ActiveCfg = Debug|x64
		{0A2EE624-21E6-4765-B9ED-24B7E3FB3AF9}.Debug|x64.Build.0 = Debug|x64
		{0A2EE624-21E6-4765-B9ED-24B7E3FB3AF9}.Debug|x86.ActiveCfg = Debug|x86
		{0A2EE624-21E6-4765-B9ED-24B7E3FB3AF9}.Debug|x86.Build.0 = Debug|x86
		{0A2EE624-21E6-4765-B9ED-24B7E3FB3AF9}.Release|Any CPU.ActiveCfg = Release|Any CPU
		{0A2EE624-21E6-4765-B9ED-24B7E3FB3AF9}.Release|Any CPU.Build.0 = Release|Any CPU
		{0A2EE624-21E6-4765-B9ED-24B7E3FB3AF9}.Release|ARM.ActiveCfg = Release|ARM
		{0A2EE624-21E6-4765-B9ED-24B7E3FB3AF9}.Release|ARM.Build.0 = Release|ARM
		{0A2EE624-21E6-4765-B9ED-24B7E3FB3AF9}.Release|ARM64.ActiveCfg = Release|ARM64
		{0A2EE624-21E6-4765-B9ED-24B7E3FB3AF9}.Release|ARM64.Build.0 = Release|ARM64
		{0A2EE624-21E6-4765-B9ED-24B7E3FB3AF9}.Release|x64.ActiveCfg = Release|x64
		{0A2EE624-21E6-4765-B9ED-24B7E3FB3AF9}.Release|x64.Build.0 = Release|x64
		{0A2EE624-21E6-4765-B9ED-24B7E3FB3AF9}.Release|x86.ActiveCfg = Release|x86
		{0A2EE624-21E6-4765-B9ED-24B7E3FB3AF9}.Release|x86.Build.0 = Release|x86
		{0A2EE624-21E6-4765-B9ED-24B7E3FB3AF9}.x64|Any CPU.ActiveCfg = x64|Any CPU
		{0A2EE624-21E6-4765-B9ED-24B7E3FB3AF9}.x64|Any CPU.Build.0 = x64|Any CPU
		{0A2EE624-21E6-4765-B9ED-24B7E3FB3AF9}.x64|ARM.ActiveCfg = x64|ARM
		{0A2EE624-21E6-4765-B9ED-24B7E3FB3AF9}.x64|ARM.Build.0 = x64|ARM
		{0A2EE624-21E6-4765-B9ED-24B7E3FB3AF9}.x64|ARM64.ActiveCfg = x64|ARM64
		{0A2EE624-21E6-4765-B9ED-24B7E3FB3AF9}.x64|ARM64.Build.0 = x64|ARM64
		{0A2EE624-21E6-4765-B9ED-24B7E3FB3AF9}.x64|x64.ActiveCfg = x64|x64
		{0A2EE624-21E6-4765-B9ED-24B7E3FB3AF9}.x64|x64.Build.0 = x64|x64
		{0A2EE624-21E6-4765-B9ED-24B7E3FB3AF9}.x64|x86.ActiveCfg = x64|x86
		{0A2EE624-21E6-4765-B9ED-24B7E3FB3AF9}.x64|x86.Build.0 = x64|x86
	EndGlobalSection
	GlobalSection(SolutionProperties) = preSolution
		HideSolutionNode = FALSE
	EndGlobalSection
	GlobalSection(ExtensibilityGlobals) = postSolution
		SolutionGuid = {0362C7C8-6829-49A0-8EBA-7F3D874C39D8}
	EndGlobalSection
EndGlobal
