
Microsoft Visual Studio Solution File, Format Version 12.00
# Visual Studio Version 17
VisualStudioVersion = 17.10.35004.147
MinimumVisualStudioVersion = 10.0.40219.1
Project("{FAE04EC0-301F-11D3-BF4B-00C04F79EFBC}") = "UpAdcTestTool", "UpAdcTestTool\UpAdcTestTool\UpAdcTestTool.csproj", "{408BF9FF-7B05-4833-8BD6-2945AFBD5527}"
EndProject
Project("{FAE04EC0-301F-11D3-BF4B-00C04F79EFBC}") = "UpGpioTestTool", "UpGpioTestTool\UpGpioTestTool\UpGpioTestTool.csproj", "{9F29388C-77DB-4BFC-93BE-2A94D4117F1A}"
EndProject
Project("{FAE04EC0-301F-11D3-BF4B-00C04F79EFBC}") = "UpI2cTestTool", "UpI2cTestTool\UpI2cTestTool\UpI2cTestTool.csproj", "{22138AA2-69FF-4903-8CE1-A7D43CC6F734}"
EndProject
Project("{FAE04EC0-301F-11D3-BF4B-00C04F79EFBC}") = "UpPwmTestTool", "UpPwmTestTool\UpPwmTestTool\UpPwmTestTool.csproj", "{DB9C38E9-0929-4AF0-9C99-27700EC7A6D8}"
EndProject
Project("{FAE04EC0-301F-11D3-BF4B-00C04F79EFBC}") = "UpSpiTestTool", "UpSpiTestTool\UpSpiTestTool\UpSpiTestTool.csproj", "{4D1C1FE9-9649-490D-AFF1-60D7402F6EE0}"
EndProject
Project("{FAE04EC0-301F-11D3-BF4B-00C04F79EFBC}") = "UpFan", "UpFanController\Fan\UpFan.csproj", "{B0A8B2B9-4095-4733-BAAF-2FCEA3018AAC}"
EndProject
Project("{54435603-DBB4-11D2-8724-00A0C9A8B90C}") = "UpFanSetup", "UpFanController\UpFanSetup\UpFanSetup.vdproj", "{699165FD-A03A-482B-B621-CE88A8A69A52}"
	ProjectSection(ProjectDependencies) = postProject
		{B0A8B2B9-4095-4733-BAAF-2FCEA3018AAC} = {B0A8B2B9-4095-4733-BAAF-2FCEA3018AAC}
	EndProjectSection
EndProject
Project("{FAE04EC0-301F-11D3-BF4B-00C04F79EFBC}") = "UpLedTestTool", "UpLedTestTool\UpLedTestTool\UpLedTestTool.csproj", "{A69BA734-3E48-40DC-AFFD-068F3B531098}"
EndProject
Project("{FAE04EC0-301F-11D3-BF4B-00C04F79EFBC}") = "UpWdtTestTool", "UPWdtTestTool\UpWdtTestTool.csproj", "{DFC68074-ED3C-40E5-842D-5C103CEDAE6C}"
EndProject
Global
	GlobalSection(SolutionConfigurationPlatforms) = preSolution
		Debug|Any CPU = Debug|Any CPU
		Debug|ARM = Debug|ARM
		Debug|ARM64 = Debug|ARM64
		Debug|x64 = Debug|x64
		Debug|x86 = Debug|x86
		Release|Any CPU = Release|Any CPU
		Release|ARM = Release|ARM
		Release|ARM64 = Release|ARM64
		Release|x64 = Release|x64
		Release|x86 = Release|x86
	EndGlobalSection
	GlobalSection(ProjectConfigurationPlatforms) = postSolution
		{408BF9FF-7B05-4833-8BD6-2945AFBD5527}.Debug|Any CPU.ActiveCfg = Debug|x86
		{408BF9FF-7B05-4833-8BD6-2945AFBD5527}.Debug|ARM.ActiveCfg = Release|x64
		{408BF9FF-7B05-4833-8BD6-2945AFBD5527}.Debug|ARM.Build.0 = Release|x64
		{408BF9FF-7B05-4833-8BD6-2945AFBD5527}.Debug|ARM.Deploy.0 = Release|x64
		{408BF9FF-7B05-4833-8BD6-2945AFBD5527}.Debug|ARM64.ActiveCfg = Debug|x86
		{408BF9FF-7B05-4833-8BD6-2945AFBD5527}.Debug|x64.ActiveCfg = Debug|x64
		{408BF9FF-7B05-4833-8BD6-2945AFBD5527}.Debug|x64.Build.0 = Debug|x64
		{408BF9FF-7B05-4833-8BD6-2945AFBD5527}.Debug|x64.Deploy.0 = Debug|x64
		{408BF9FF-7B05-4833-8BD6-2945AFBD5527}.Debug|x86.ActiveCfg = Debug|x86
		{408BF9FF-7B05-4833-8BD6-2945AFBD5527}.Debug|x86.Build.0 = Debug|x86
		{408BF9FF-7B05-4833-8BD6-2945AFBD5527}.Debug|x86.Deploy.0 = Debug|x86
		{408BF9FF-7B05-4833-8BD6-2945AFBD5527}.Release|Any CPU.ActiveCfg = Release|x86
		{408BF9FF-7B05-4833-8BD6-2945AFBD5527}.Release|ARM.ActiveCfg = Release|ARM
		{408BF9FF-7B05-4833-8BD6-2945AFBD5527}.Release|ARM.Build.0 = Release|ARM
		{408BF9FF-7B05-4833-8BD6-2945AFBD5527}.Release|ARM.Deploy.0 = Release|ARM
		{408BF9FF-7B05-4833-8BD6-2945AFBD5527}.Release|ARM64.ActiveCfg = Release|x86
		{408BF9FF-7B05-4833-8BD6-2945AFBD5527}.Release|x64.ActiveCfg = Release|x64
		{408BF9FF-7B05-4833-8BD6-2945AFBD5527}.Release|x64.Build.0 = Release|x64
		{408BF9FF-7B05-4833-8BD6-2945AFBD5527}.Release|x86.ActiveCfg = Release|x86
		{408BF9FF-7B05-4833-8BD6-2945AFBD5527}.Release|x86.Build.0 = Release|x86
		{408BF9FF-7B05-4833-8BD6-2945AFBD5527}.Release|x86.Deploy.0 = Release|x86
		{9F29388C-77DB-4BFC-93BE-2A94D4117F1A}.Debug|Any CPU.ActiveCfg = Debug|x86
		{9F29388C-77DB-4BFC-93BE-2A94D4117F1A}.Debug|ARM.ActiveCfg = Release|x64
		{9F29388C-77DB-4BFC-93BE-2A94D4117F1A}.Debug|ARM.Build.0 = Release|x64
		{9F29388C-77DB-4BFC-93BE-2A94D4117F1A}.Debug|ARM.Deploy.0 = Release|x64
		{9F29388C-77DB-4BFC-93BE-2A94D4117F1A}.Debug|ARM64.ActiveCfg = Debug|x86
		{9F29388C-77DB-4BFC-93BE-2A94D4117F1A}.Debug|x64.ActiveCfg = Debug|x64
		{9F29388C-77DB-4BFC-93BE-2A94D4117F1A}.Debug|x64.Build.0 = Debug|x64
		{9F29388C-77DB-4BFC-93BE-2A94D4117F1A}.Debug|x64.Deploy.0 = Debug|x64
		{9F29388C-77DB-4BFC-93BE-2A94D4117F1A}.Debug|x86.ActiveCfg = Debug|x86
		{9F29388C-77DB-4BFC-93BE-2A94D4117F1A}.Debug|x86.Build.0 = Debug|x86
		{9F29388C-77DB-4BFC-93BE-2A94D4117F1A}.Debug|x86.Deploy.0 = Debug|x86
		{9F29388C-77DB-4BFC-93BE-2A94D4117F1A}.Release|Any CPU.ActiveCfg = Release|x86
		{9F29388C-77DB-4BFC-93BE-2A94D4117F1A}.Release|ARM.ActiveCfg = Release|ARM
		{9F29388C-77DB-4BFC-93BE-2A94D4117F1A}.Release|ARM.Build.0 = Release|ARM
		{9F29388C-77DB-4BFC-93BE-2A94D4117F1A}.Release|ARM.Deploy.0 = Release|ARM
		{9F29388C-77DB-4BFC-93BE-2A94D4117F1A}.Release|ARM64.ActiveCfg = Release|x86
		{9F29388C-77DB-4BFC-93BE-2A94D4117F1A}.Release|x64.ActiveCfg = Release|x64
		{9F29388C-77DB-4BFC-93BE-2A94D4117F1A}.Release|x64.Build.0 = Release|x64
		{9F29388C-77DB-4BFC-93BE-2A94D4117F1A}.Release|x86.ActiveCfg = Release|x86
		{9F29388C-77DB-4BFC-93BE-2A94D4117F1A}.Release|x86.Build.0 = Release|x86
		{9F29388C-77DB-4BFC-93BE-2A94D4117F1A}.Release|x86.Deploy.0 = Release|x86
		{22138AA2-69FF-4903-8CE1-A7D43CC6F734}.Debug|Any CPU.ActiveCfg = Debug|x86
		{22138AA2-69FF-4903-8CE1-A7D43CC6F734}.Debug|ARM.ActiveCfg = Release|x64
		{22138AA2-69FF-4903-8CE1-A7D43CC6F734}.Debug|ARM.Build.0 = Release|x64
		{22138AA2-69FF-4903-8CE1-A7D43CC6F734}.Debug|ARM.Deploy.0 = Release|x64
		{22138AA2-69FF-4903-8CE1-A7D43CC6F734}.Debug|ARM64.ActiveCfg = Debug|x86
		{22138AA2-69FF-4903-8CE1-A7D43CC6F734}.Debug|x64.ActiveCfg = Debug|x64
		{22138AA2-69FF-4903-8CE1-A7D43CC6F734}.Debug|x64.Build.0 = Debug|x64
		{22138AA2-69FF-4903-8CE1-A7D43CC6F734}.Debug|x64.Deploy.0 = Debug|x64
		{22138AA2-69FF-4903-8CE1-A7D43CC6F734}.Debug|x86.ActiveCfg = Debug|x86
		{22138AA2-69FF-4903-8CE1-A7D43CC6F734}.Debug|x86.Build.0 = Debug|x86
		{22138AA2-69FF-4903-8CE1-A7D43CC6F734}.Debug|x86.Deploy.0 = Debug|x86
		{22138AA2-69FF-4903-8CE1-A7D43CC6F734}.Release|Any CPU.ActiveCfg = Release|x86
		{22138AA2-69FF-4903-8CE1-A7D43CC6F734}.Release|ARM.ActiveCfg = Release|ARM
		{22138AA2-69FF-4903-8CE1-A7D43CC6F734}.Release|ARM.Build.0 = Release|ARM
		{22138AA2-69FF-4903-8CE1-A7D43CC6F734}.Release|ARM.Deploy.0 = Release|ARM
		{22138AA2-69FF-4903-8CE1-A7D43CC6F734}.Release|ARM64.ActiveCfg = Release|x86
		{22138AA2-69FF-4903-8CE1-A7D43CC6F734}.Release|x64.ActiveCfg = Release|x64
		{22138AA2-69FF-4903-8CE1-A7D43CC6F734}.Release|x64.Build.0 = Release|x64
		{22138AA2-69FF-4903-8CE1-A7D43CC6F734}.Release|x86.ActiveCfg = Release|x86
		{22138AA2-69FF-4903-8CE1-A7D43CC6F734}.Release|x86.Build.0 = Release|x86
		{22138AA2-69FF-4903-8CE1-A7D43CC6F734}.Release|x86.Deploy.0 = Release|x86
		{DB9C38E9-0929-4AF0-9C99-27700EC7A6D8}.Debug|Any CPU.ActiveCfg = Debug|x86
		{DB9C38E9-0929-4AF0-9C99-27700EC7A6D8}.Debug|ARM.ActiveCfg = Release|ARM
		{DB9C38E9-0929-4AF0-9C99-27700EC7A6D8}.Debug|ARM.Build.0 = Release|ARM
		{DB9C38E9-0929-4AF0-9C99-27700EC7A6D8}.Debug|ARM.Deploy.0 = Release|ARM
		{DB9C38E9-0929-4AF0-9C99-27700EC7A6D8}.Debug|ARM64.ActiveCfg = Debug|x86
		{DB9C38E9-0929-4AF0-9C99-27700EC7A6D8}.Debug|x64.ActiveCfg = Debug|x64
		{DB9C38E9-0929-4AF0-9C99-27700EC7A6D8}.Debug|x64.Build.0 = Debug|x64
		{DB9C38E9-0929-4AF0-9C99-27700EC7A6D8}.Debug|x64.Deploy.0 = Debug|x64
		{DB9C38E9-0929-4AF0-9C99-27700EC7A6D8}.Debug|x86.ActiveCfg = Debug|x86
		{DB9C38E9-0929-4AF0-9C99-27700EC7A6D8}.Debug|x86.Build.0 = Debug|x86
		{DB9C38E9-0929-4AF0-9C99-27700EC7A6D8}.Debug|x86.Deploy.0 = Debug|x86
		{DB9C38E9-0929-4AF0-9C99-27700EC7A6D8}.Release|Any CPU.ActiveCfg = Release|x86
		{DB9C38E9-0929-4AF0-9C99-27700EC7A6D8}.Release|ARM.ActiveCfg = Release|ARM
		{DB9C38E9-0929-4AF0-9C99-27700EC7A6D8}.Release|ARM.Build.0 = Release|ARM
		{DB9C38E9-0929-4AF0-9C99-27700EC7A6D8}.Release|ARM.Deploy.0 = Release|ARM
		{DB9C38E9-0929-4AF0-9C99-27700EC7A6D8}.Release|ARM64.ActiveCfg = Release|x86
		{DB9C38E9-0929-4AF0-9C99-27700EC7A6D8}.Release|x64.ActiveCfg = Release|x64
		{DB9C38E9-0929-4AF0-9C99-27700EC7A6D8}.Release|x64.Build.0 = Release|x64
		{DB9C38E9-0929-4AF0-9C99-27700EC7A6D8}.Release|x86.ActiveCfg = Release|x86
		{DB9C38E9-0929-4AF0-9C99-27700EC7A6D8}.Release|x86.Build.0 = Release|x86
		{DB9C38E9-0929-4AF0-9C99-27700EC7A6D8}.Release|x86.Deploy.0 = Release|x86
		{4D1C1FE9-9649-490D-AFF1-60D7402F6EE0}.Debug|Any CPU.ActiveCfg = Debug|x86
		{4D1C1FE9-9649-490D-AFF1-60D7402F6EE0}.Debug|ARM.ActiveCfg = Debug|ARM
		{4D1C1FE9-9649-490D-AFF1-60D7402F6EE0}.Debug|ARM.Build.0 = Debug|ARM
		{4D1C1FE9-9649-490D-AFF1-60D7402F6EE0}.Debug|ARM.Deploy.0 = Debug|ARM
		{4D1C1FE9-9649-490D-AFF1-60D7402F6EE0}.Debug|ARM64.ActiveCfg = Debug|x86
		{4D1C1FE9-9649-490D-AFF1-60D7402F6EE0}.Debug|x64.ActiveCfg = Debug|x64
		{4D1C1FE9-9649-490D-AFF1-60D7402F6EE0}.Debug|x64.Build.0 = Debug|x64
		{4D1C1FE9-9649-490D-AFF1-60D7402F6EE0}.Debug|x64.Deploy.0 = Debug|x64
		{4D1C1FE9-9649-490D-AFF1-60D7402F6EE0}.Debug|x86.ActiveCfg = Debug|x86
		{4D1C1FE9-9649-490D-AFF1-60D7402F6EE0}.Debug|x86.Build.0 = Debug|x86
		{4D1C1FE9-9649-490D-AFF1-60D7402F6EE0}.Debug|x86.Deploy.0 = Debug|x86
		{4D1C1FE9-9649-490D-AFF1-60D7402F6EE0}.Release|Any CPU.ActiveCfg = Release|x86
		{4D1C1FE9-9649-490D-AFF1-60D7402F6EE0}.Release|ARM.ActiveCfg = Release|ARM
		{4D1C1FE9-9649-490D-AFF1-60D7402F6EE0}.Release|ARM.Build.0 = Release|ARM
		{4D1C1FE9-9649-490D-AFF1-60D7402F6EE0}.Release|ARM.Deploy.0 = Release|ARM
		{4D1C1FE9-9649-490D-AFF1-60D7402F6EE0}.Release|ARM64.ActiveCfg = Release|x86
		{4D1C1FE9-9649-490D-AFF1-60D7402F6EE0}.Release|x64.ActiveCfg = Release|x64
		{4D1C1FE9-9649-490D-AFF1-60D7402F6EE0}.Release|x64.Build.0 = Release|x64
		{4D1C1FE9-9649-490D-AFF1-60D7402F6EE0}.Release|x86.ActiveCfg = Release|x86
		{4D1C1FE9-9649-490D-AFF1-60D7402F6EE0}.Release|x86.Build.0 = Release|x86
		{4D1C1FE9-9649-490D-AFF1-60D7402F6EE0}.Release|x86.Deploy.0 = Release|x86
		{B0A8B2B9-4095-4733-BAAF-2FCEA3018AAC}.Debug|Any CPU.ActiveCfg = Debug|Any CPU
		{B0A8B2B9-4095-4733-BAAF-2FCEA3018AAC}.Debug|Any CPU.Build.0 = Debug|Any CPU
		{B0A8B2B9-4095-4733-BAAF-2FCEA3018AAC}.Debug|ARM.ActiveCfg = Debug|Any CPU
		{B0A8B2B9-4095-4733-BAAF-2FCEA3018AAC}.Debug|ARM.Build.0 = Debug|Any CPU
		{B0A8B2B9-4095-4733-BAAF-2FCEA3018AAC}.Debug|ARM64.ActiveCfg = Debug|Any CPU
		{B0A8B2B9-4095-4733-BAAF-2FCEA3018AAC}.Debug|ARM64.Build.0 = Debug|Any CPU
		{B0A8B2B9-4095-4733-BAAF-2FCEA3018AAC}.Debug|x64.ActiveCfg = Debug|x64
		{B0A8B2B9-4095-4733-BAAF-2FCEA3018AAC}.Debug|x64.Build.0 = Debug|x64
		{B0A8B2B9-4095-4733-BAAF-2FCEA3018AAC}.Debug|x86.ActiveCfg = Debug|Win32
		{B0A8B2B9-4095-4733-BAAF-2FCEA3018AAC}.Debug|x86.Build.0 = Debug|Win32
		{B0A8B2B9-4095-4733-BAAF-2FCEA3018AAC}.Release|Any CPU.ActiveCfg = Release|Any CPU
		{B0A8B2B9-4095-4733-BAAF-2FCEA3018AAC}.Release|Any CPU.Build.0 = Release|Any CPU
		{B0A8B2B9-4095-4733-BAAF-2FCEA3018AAC}.Release|ARM.ActiveCfg = Release|Any CPU
		{B0A8B2B9-4095-4733-BAAF-2FCEA3018AAC}.Release|ARM.Build.0 = Release|Any CPU
		{B0A8B2B9-4095-4733-BAAF-2FCEA3018AAC}.Release|ARM64.ActiveCfg = Release|Any CPU
		{B0A8B2B9-4095-4733-BAAF-2FCEA3018AAC}.Release|ARM64.Build.0 = Release|Any CPU
		{B0A8B2B9-4095-4733-BAAF-2FCEA3018AAC}.Release|x64.ActiveCfg = Release|x64
		{B0A8B2B9-4095-4733-BAAF-2FCEA3018AAC}.Release|x64.Build.0 = Release|x64
		{B0A8B2B9-4095-4733-BAAF-2FCEA3018AAC}.Release|x86.ActiveCfg = Release|Win32
		{B0A8B2B9-4095-4733-BAAF-2FCEA3018AAC}.Release|x86.Build.0 = Release|Win32
		{699165FD-A03A-482B-B621-CE88A8A69A52}.Debug|Any CPU.ActiveCfg = Debug
		{699165FD-A03A-482B-B621-CE88A8A69A52}.Debug|Any CPU.Build.0 = Debug
		{699165FD-A03A-482B-B621-CE88A8A69A52}.Debug|ARM.ActiveCfg = Debug
		{699165FD-A03A-482B-B621-CE88A8A69A52}.Debug|ARM.Build.0 = Debug
		{699165FD-A03A-482B-B621-CE88A8A69A52}.Debug|ARM64.ActiveCfg = Debug
		{699165FD-A03A-482B-B621-CE88A8A69A52}.Debug|ARM64.Build.0 = Debug
		{699165FD-A03A-482B-B621-CE88A8A69A52}.Debug|x64.ActiveCfg = Debug
		{699165FD-A03A-482B-B621-CE88A8A69A52}.Debug|x64.Build.0 = Debug
		{699165FD-A03A-482B-B621-CE88A8A69A52}.Debug|x86.ActiveCfg = Debug
		{699165FD-A03A-482B-B621-CE88A8A69A52}.Debug|x86.Build.0 = Debug
		{699165FD-A03A-482B-B621-CE88A8A69A52}.Release|Any CPU.ActiveCfg = Release
		{699165FD-A03A-482B-B621-CE88A8A69A52}.Release|Any CPU.Build.0 = Release
		{699165FD-A03A-482B-B621-CE88A8A69A52}.Release|ARM.ActiveCfg = Release
		{699165FD-A03A-482B-B621-CE88A8A69A52}.Release|ARM.Build.0 = Release
		{699165FD-A03A-482B-B621-CE88A8A69A52}.Release|ARM64.ActiveCfg = Release
		{699165FD-A03A-482B-B621-CE88A8A69A52}.Release|ARM64.Build.0 = Release
		{699165FD-A03A-482B-B621-CE88A8A69A52}.Release|x64.ActiveCfg = Release
		{699165FD-A03A-482B-B621-CE88A8A69A52}.Release|x64.Build.0 = Release
		{699165FD-A03A-482B-B621-CE88A8A69A52}.Release|x86.ActiveCfg = Release
		{699165FD-A03A-482B-B621-CE88A8A69A52}.Release|x86.Build.0 = Release
		{A69BA734-3E48-40DC-AFFD-068F3B531098}.Debug|Any CPU.ActiveCfg = Debug|x86
		{A69BA734-3E48-40DC-AFFD-068F3B531098}.Debug|ARM.ActiveCfg = Debug|ARM
		{A69BA734-3E48-40DC-AFFD-068F3B531098}.Debug|ARM.Build.0 = Debug|ARM
		{A69BA734-3E48-40DC-AFFD-068F3B531098}.Debug|ARM.Deploy.0 = Debug|ARM
		{A69BA734-3E48-40DC-AFFD-068F3B531098}.Debug|ARM64.ActiveCfg = Debug|x86
		{A69BA734-3E48-40DC-AFFD-068F3B531098}.Debug|x64.ActiveCfg = Debug|x64
		{A69BA734-3E48-40DC-AFFD-068F3B531098}.Debug|x64.Build.0 = Debug|x64
		{A69BA734-3E48-40DC-AFFD-068F3B531098}.Debug|x64.Deploy.0 = Debug|x64
		{A69BA734-3E48-40DC-AFFD-068F3B531098}.Debug|x86.ActiveCfg = Debug|x86
		{A69BA734-3E48-40DC-AFFD-068F3B531098}.Debug|x86.Build.0 = Debug|x86
		{A69BA734-3E48-40DC-AFFD-068F3B531098}.Debug|x86.Deploy.0 = Debug|x86
		{A69BA734-3E48-40DC-AFFD-068F3B531098}.Release|Any CPU.ActiveCfg = Release|x86
		{A69BA734-3E48-40DC-AFFD-068F3B531098}.Release|ARM.ActiveCfg = Release|ARM
		{A69BA734-3E48-40DC-AFFD-068F3B531098}.Release|ARM.Build.0 = Release|ARM
		{A69BA734-3E48-40DC-AFFD-068F3B531098}.Release|ARM.Deploy.0 = Release|ARM
		{A69BA734-3E48-40DC-AFFD-068F3B531098}.Release|ARM64.ActiveCfg = Release|x86
		{A69BA734-3E48-40DC-AFFD-068F3B531098}.Release|x64.ActiveCfg = Release|x64
		{A69BA734-3E48-40DC-AFFD-068F3B531098}.Release|x64.Build.0 = Release|x64
		{A69BA734-3E48-40DC-AFFD-068F3B531098}.Release|x64.Deploy.0 = Release|x64
		{A69BA734-3E48-40DC-AFFD-068F3B531098}.Release|x86.ActiveCfg = Release|x86
		{A69BA734-3E48-40DC-AFFD-068F3B531098}.Release|x86.Build.0 = Release|x86
		{A69BA734-3E48-40DC-AFFD-068F3B531098}.Release|x86.Deploy.0 = Release|x86
		{DFC68074-ED3C-40E5-842D-5C103CEDAE6C}.Debug|Any CPU.ActiveCfg = Debug|x64
		{DFC68074-ED3C-40E5-842D-5C103CEDAE6C}.Debug|Any CPU.Build.0 = Debug|x64
		{DFC68074-ED3C-40E5-842D-5C103CEDAE6C}.Debug|Any CPU.Deploy.0 = Debug|x64
		{DFC68074-ED3C-40E5-842D-5C103CEDAE6C}.Debug|ARM.ActiveCfg = Debug|ARM
		{DFC68074-ED3C-40E5-842D-5C103CEDAE6C}.Debug|ARM.Build.0 = Debug|ARM
		{DFC68074-ED3C-40E5-842D-5C103CEDAE6C}.Debug|ARM.Deploy.0 = Debug|ARM
		{DFC68074-ED3C-40E5-842D-5C103CEDAE6C}.Debug|ARM64.ActiveCfg = Debug|ARM64
		{DFC68074-ED3C-40E5-842D-5C103CEDAE6C}.Debug|ARM64.Build.0 = Debug|ARM64
		{DFC68074-ED3C-40E5-842D-5C103CEDAE6C}.Debug|ARM64.Deploy.0 = Debug|ARM64
		{DFC68074-ED3C-40E5-842D-5C103CEDAE6C}.Debug|x64.ActiveCfg = Debug|x64
		{DFC68074-ED3C-40E5-842D-5C103CEDAE6C}.Debug|x64.Build.0 = Debug|x64
		{DFC68074-ED3C-40E5-842D-5C103CEDAE6C}.Debug|x64.Deploy.0 = Debug|x64
		{DFC68074-ED3C-40E5-842D-5C103CEDAE6C}.Debug|x86.ActiveCfg = Debug|x86
		{DFC68074-ED3C-40E5-842D-5C103CEDAE6C}.Debug|x86.Build.0 = Debug|x86
		{DFC68074-ED3C-40E5-842D-5C103CEDAE6C}.Debug|x86.Deploy.0 = Debug|x86
		{DFC68074-ED3C-40E5-842D-5C103CEDAE6C}.Release|Any CPU.ActiveCfg = Release|x64
		{DFC68074-ED3C-40E5-842D-5C103CEDAE6C}.Release|Any CPU.Build.0 = Release|x64
		{DFC68074-ED3C-40E5-842D-5C103CEDAE6C}.Release|Any CPU.Deploy.0 = Release|x64
		{DFC68074-ED3C-40E5-842D-5C103CEDAE6C}.Release|ARM.ActiveCfg = Release|ARM
		{DFC68074-ED3C-40E5-842D-5C103CEDAE6C}.Release|ARM.Build.0 = Release|ARM
		{DFC68074-ED3C-40E5-842D-5C103CEDAE6C}.Release|ARM.Deploy.0 = Release|ARM
		{DFC68074-ED3C-40E5-842D-5C103CEDAE6C}.Release|ARM64.ActiveCfg = Release|ARM64
		{DFC68074-ED3C-40E5-842D-5C103CEDAE6C}.Release|ARM64.Build.0 = Release|ARM64
		{DFC68074-ED3C-40E5-842D-5C103CEDAE6C}.Release|ARM64.Deploy.0 = Release|ARM64
		{DFC68074-ED3C-40E5-842D-5C103CEDAE6C}.Release|x64.ActiveCfg = Release|x64
		{DFC68074-ED3C-40E5-842D-5C103CEDAE6C}.Release|x64.Build.0 = Release|x64
		{DFC68074-ED3C-40E5-842D-5C103CEDAE6C}.Release|x64.Deploy.0 = Release|x64
		{DFC68074-ED3C-40E5-842D-5C103CEDAE6C}.Release|x86.ActiveCfg = Release|x86
		{DFC68074-ED3C-40E5-842D-5C103CEDAE6C}.Release|x86.Build.0 = Release|x86
		{DFC68074-ED3C-40E5-842D-5C103CEDAE6C}.Release|x86.Deploy.0 = Release|x86
	EndGlobalSection
	GlobalSection(SolutionProperties) = preSolution
		HideSolutionNode = FALSE
	EndGlobalSection
	GlobalSection(ExtensibilityGlobals) = postSolution
		SolutionGuid = {60DB9AF5-4B4C-4185-962A-D88617C6B3F2}
	EndGlobalSection
EndGlobal
